
Microsoft Visual Studio Solution File, Format Version 12.00
# Visual Studio Version 16
VisualStudioVersion = 16.0.29230.47
MinimumVisualStudioVersion = 10.0.40219.1
Project("{FAE04EC0-301F-11D3-BF4B-00C04F79EFBC}") = "Virtual", "Virtual\Virtual.csproj", "{7DDE466F-0134-4531-8574-58CE1BB6AE30}"
EndProject
Global
	GlobalSection(SolutionConfigurationPlatforms) = preSolution
		Debug|Any CPU = Debug|Any CPU
		Release|Any CPU = Release|Any CPU
	EndGlobalSection
	GlobalSection(ProjectConfigurationPlatforms) = postSolution
		{7DDE466F-0134-4531-8574-58CE1BB6AE30}.Debug|Any CPU.ActiveCfg = Debug|Any CPU
		{7DDE466F-0134-4531-8574-58CE1BB6AE30}.Debug|Any CPU.Build.0 = Debug|Any CPU
		{7DDE466F-0134-4531-8574-58CE1BB6AE30}.Release|Any CPU.ActiveCfg = Release|Any CPU
		{7DDE466F-0134-4531-8574-58CE1BB6AE30}.Release|Any CPU.Build.0 = Release|Any CPU
	EndGlobalSection
	GlobalSection(SolutionProperties) = preSolution
		HideSolutionNode = FALSE
	EndGlobalSection
	GlobalSection(ExtensibilityGlobals) = postSolution
		SolutionGuid = {938FDA7D-B7EA-423D-8327-BE8412615BA8}
	EndGlobalSection
EndGlobal
